<?xml version="1.0" encoding="utf-8"?>
<Project ToolsVersion="4.0" xmlns="http://schemas.microsoft.com/developer/msbuild/2003">
  <ItemGroup>
    <Filter Include="Archivos de código fuente">
      <UniqueIdentifier>{4FC737F1-C7A5-4376-A066-2A32D752A2FF}</UniqueIdentifier>
      <Extensions>cpp;c;cc;cxx;def;odl;idl;hpj;bat;asm;asmx</Extensions>
    </Filter>
    <Filter Include="Archivos de encabezado">
      <UniqueIdentifier>{93995380-89BD-4b04-88EB-625FBE52EBFB}</UniqueIdentifier>
      <Extensions>h;hh;hpp;hxx;hm;inl;inc;xsd</Extensions>
    </Filter>
    <Filter Include="Archivos de recursos">
      <UniqueIdentifier>{67DA6AB6-F800-4c08-8B7A-83BB121AAD01}</UniqueIdentifier>
      <Extensions>rc;ico;cur;bmp;dlg;rc2;rct;bin;rgs;gif;jpg;jpeg;jpe;resx;tiff;tif;png;wav;mfcribbon-ms</Extensions>
    </Filter>
    <Filter Include="src">
      <UniqueIdentifier>{44cd99e9-3306-4db7-88f0-7b7a7b599f34}</UniqueIdentifier>
    </Filter>
    <Filter Include="src\cameras">
      <UniqueIdentifier>{3e943a19-a371-4e0d-b574-b1d87df5d5c1}</UniqueIdentifier>
    </Filter>
    <Filter Include="src\core">
      <UniqueIdentifier>{0aefd178-b635-4c90-b317-a7425304a5bc}</UniqueIdentifier>
    </Filter>
    <Filter Include="src\lightsources">
      <UniqueIdentifier>{2c07ec23-fc64-4302-b7ff-0506345557a7}</UniqueIdentifier>
    </Filter>
    <Filter Include="src\materials">
      <UniqueIdentifier>{5585f4eb-8996-423a-8c7c-71d4c167c2d1}</UniqueIdentifier>
    </Filter>
    <Filter Include="src\shaders">
      <UniqueIdentifier>{fa0c3b76-57a5-4039-a49f-6cb7086645d7}</UniqueIdentifier>
    </Filter>
    <Filter Include="src\shapes">
      <UniqueIdentifier>{471790e2-2b7b-4bb4-843a-8f2850c9ecfc}</UniqueIdentifier>
    </Filter>
  </ItemGroup>
  <ItemGroup>
    <ClCompile Include="..\..\src\main.cpp">
      <Filter>src</Filter>
    </ClCompile>
    <ClCompile Include="..\..\src\cameras\camera.cpp">
      <Filter>src\cameras</Filter>
    </ClCompile>
    <ClCompile Include="..\..\src\cameras\ortographic.cpp">
      <Filter>src\cameras</Filter>
    </ClCompile>
    <ClCompile Include="..\..\src\cameras\perspective.cpp">
      <Filter>src\cameras</Filter>
    </ClCompile>
    <ClCompile Include="..\..\src\core\matrix4x4.cpp">
      <Filter>src\core</Filter>
    </ClCompile>
    <ClCompile Include="..\..\src\core\ray.cpp">
      <Filter>src\core</Filter>
    </ClCompile>
    <ClCompile Include="..\..\src\core\tester.cpp">
      <Filter>src\core</Filter>
    </ClCompile>
    <ClCompile Include="..\..\src\core\utils.cpp">
      <Filter>src\core</Filter>
    </ClCompile>
    <ClCompile Include="..\..\src\core\vector3d.cpp">
      <Filter>src\core</Filter>
    </ClCompile>
    <ClCompile Include="..\..\src\core\bitmap.cpp">
      <Filter>src\core</Filter>
    </ClCompile>
    <ClCompile Include="..\..\src\core\eqsolver.cpp">
      <Filter>src\core</Filter>
    </ClCompile>
    <ClCompile Include="..\..\src\core\film.cpp">
      <Filter>src\core</Filter>
    </ClCompile>
    <ClCompile Include="..\..\src\core\intersection.cpp">
      <Filter>src\core</Filter>
    </ClCompile>
    <ClCompile Include="..\..\src\lightsources\pointlightsource.cpp">
      <Filter>src\lightsources</Filter>
    </ClCompile>
    <ClCompile Include="..\..\src\materials\material.cpp">
      <Filter>src\materials</Filter>
    </ClCompile>
    <ClCompile Include="..\..\src\shaders\intersectionshader.cpp">
      <Filter>src\shaders</Filter>
    </ClCompile>
    <ClCompile Include="..\..\src\shaders\normalshader.cpp">
      <Filter>src\shaders</Filter>
    </ClCompile>
    <ClCompile Include="..\..\src\shaders\shader.cpp">
      <Filter>src\shaders</Filter>
    </ClCompile>
    <ClCompile Include="..\..\src\shapes\shape.cpp">
      <Filter>src\shapes</Filter>
    </ClCompile>
    <ClCompile Include="..\..\src\shapes\sphere.cpp">
      <Filter>src\shapes</Filter>
    </ClCompile>
  </ItemGroup>
  <ItemGroup>
    <ClInclude Include="..\..\src\cameras\camera.h">
      <Filter>src\cameras</Filter>
    </ClInclude>
    <ClInclude Include="..\..\src\cameras\ortographic.h">
      <Filter>src\cameras</Filter>
    </ClInclude>
    <ClInclude Include="..\..\src\cameras\perspective.h">
      <Filter>src\cameras</Filter>
    </ClInclude>
    <ClInclude Include="..\..\src\core\matrix4x4.h">
      <Filter>src\core</Filter>
    </ClInclude>
    <ClInclude Include="..\..\src\core\ray.h">
      <Filter>src\core</Filter>
    </ClInclude>
    <ClInclude Include="..\..\src\core\tester.h">
      <Filter>src\core</Filter>
    </ClInclude>
    <ClInclude Include="..\..\src\core\utils.h">
      <Filter>src\core</Filter>
    </ClInclude>
    <ClInclude Include="..\..\src\core\vector3d.h">
      <Filter>src\core</Filter>
    </ClInclude>
    <ClInclude Include="..\..\src\core\bitmap.h">
      <Filter>src\core</Filter>
    </ClInclude>
    <ClInclude Include="..\..\src\core\eqsolver.h">
      <Filter>src\core</Filter>
    </ClInclude>
    <ClInclude Include="..\..\src\core\film.h">
      <Filter>src\core</Filter>
    </ClInclude>
    <ClInclude Include="..\..\src\core\intersection.h">
      <Filter>src\core</Filter>
    </ClInclude>
    <ClInclude Include="..\..\src\lightsources\pointlightsource.h">
      <Filter>src\lightsources</Filter>
    </ClInclude>
    <ClInclude Include="..\..\src\materials\material.h">
      <Filter>src\materials</Filter>
    </ClInclude>
    <ClInclude Include="..\..\src\shaders\depthshader.h">
      <Filter>src\shaders</Filter>
    </ClInclude>
    <ClInclude Include="..\..\src\shaders\intersectionshader.h">
      <Filter>src\shaders</Filter>
    </ClInclude>
    <ClInclude Include="..\..\src\shaders\normalshader.h">
      <Filter>src\shaders</Filter>
    </ClInclude>
    <ClInclude Include="..\..\src\shaders\shader.h">
      <Filter>src\shaders</Filter>
    </ClInclude>
    <ClInclude Include="..\..\src\shapes\shape.h">
      <Filter>src\shapes</Filter>
    </ClInclude>
    <ClInclude Include="..\..\src\shapes\sphere.h">
      <Filter>src\shapes</Filter>
    </ClInclude>
  </ItemGroup>
</Project>